// !$*UTF8*$!
{
	archiveVersion = 1;
	classes = {
	};
	objectVersion = 46;
	objects = {

/* Begin PBXBuildFile section */
		7EEEA5291E67177200CCE60F /* YHTwoViewModel.m in Sources */ = {isa = PBXBuildFile; fileRef = 7EEEA5281E67177200CCE60F /* YHTwoViewModel.m */; };
		7EEEA52C1E67217600CCE60F /* UIColor+hexValue.m in Sources */ = {isa = PBXBuildFile; fileRef = 7EEEA52B1E67217600CCE60F /* UIColor+hexValue.m */; };
		7EFF8B411E66BF8500F7217D /* main.m in Sources */ = {isa = PBXBuildFile; fileRef = 7EFF8B401E66BF8500F7217D /* main.m */; };
		7EFF8B441E66BF8500F7217D /* AppDelegate.m in Sources */ = {isa = PBXBuildFile; fileRef = 7EFF8B431E66BF8500F7217D /* AppDelegate.m */; };
		7EFF8B4C1E66BF8500F7217D /* Assets.xcassets in Resources */ = {isa = PBXBuildFile; fileRef = 7EFF8B4B1E66BF8500F7217D /* Assets.xcassets */; };
		7EFF8B4F1E66BF8500F7217D /* LaunchScreen.storyboard in Resources */ = {isa = PBXBuildFile; fileRef = 7EFF8B4D1E66BF8500F7217D /* LaunchScreen.storyboard */; };
		7EFF8B5A1E66BF8500F7217D /* YHMarkTests.m in Sources */ = {isa = PBXBuildFile; fileRef = 7EFF8B591E66BF8500F7217D /* YHMarkTests.m */; };
		7EFF8B661E66C00300F7217D /* YHMainController.m in Sources */ = {isa = PBXBuildFile; fileRef = 7EFF8B651E66C00300F7217D /* YHMainController.m */; };
		7EFF8B691E66C09700F7217D /* YHOneViewController.m in Sources */ = {isa = PBXBuildFile; fileRef = 7EFF8B681E66C09700F7217D /* YHOneViewController.m */; };
		7EFF8B6C1E66C0A300F7217D /* YHTwoViewController.m in Sources */ = {isa = PBXBuildFile; fileRef = 7EFF8B6B1E66C0A300F7217D /* YHTwoViewController.m */; };
		7EFF8B6F1E66C26F00F7217D /* ContentCenterView.m in Sources */ = {isa = PBXBuildFile; fileRef = 7EFF8B6E1E66C26F00F7217D /* ContentCenterView.m */; };
		7EFF8B731E66CAA700F7217D /* listData.plist in Resources */ = {isa = PBXBuildFile; fileRef = 7EFF8B721E66CAA700F7217D /* listData.plist */; };
/* End PBXBuildFile section */

/* Begin PBXContainerItemProxy section */
		7EFF8B561E66BF8500F7217D /* PBXContainerItemProxy */ = {
			isa = PBXContainerItemProxy;
			containerPortal = 7EFF8B341E66BF8400F7217D /* Project object */;
			proxyType = 1;
			remoteGlobalIDString = 7EFF8B3B1E66BF8500F7217D;
			remoteInfo = YHMark;
		};
/* End PBXContainerItemProxy section */

/* Begin PBXFileReference section */
		7EEEA5271E67177200CCE60F /* YHTwoViewModel.h */ = {isa = PBXFileReference; fileEncoding = 4; lastKnownFileType = sourcecode.c.h; path = YHTwoViewModel.h; sourceTree = "<group>"; };
		7EEEA5281E67177200CCE60F /* YHTwoViewModel.m */ = {isa = PBXFileReference; fileEncoding = 4; lastKnownFileType = sourcecode.c.objc; path = YHTwoViewModel.m; sourceTree = "<group>"; };
		7EEEA52A1E67217600CCE60F /* UIColor+hexValue.h */ = {isa = PBXFileReference; fileEncoding = 4; lastKnownFileType = sourcecode.c.h; path = "UIColor+hexValue.h"; sourceTree = "<group>"; };
		7EEEA52B1E67217600CCE60F /* UIColor+hexValue.m */ = {isa = PBXFileReference; fileEncoding = 4; lastKnownFileType = sourcecode.c.objc; path = "UIColor+hexValue.m"; sourceTree = "<group>"; };
		7EFF8B3C1E66BF8500F7217D /* YHMark.app */ = {isa = PBXFileReference; explicitFileType = wrapper.application; includeInIndex = 0; path = YHMark.app; sourceTree = BUILT_PRODUCTS_DIR; };
		7EFF8B401E66BF8500F7217D /* main.m */ = {isa = PBXFileReference; lastKnownFileType = sourcecode.c.objc; path = main.m; sourceTree = "<group>"; };
		7EFF8B421E66BF8500F7217D /* AppDelegate.h */ = {isa = PBXFileReference; lastKnownFileType = sourcecode.c.h; path = AppDelegate.h; sourceTree = "<group>"; };
		7EFF8B431E66BF8500F7217D /* AppDelegate.m */ = {isa = PBXFileReference; lastKnownFileType = sourcecode.c.objc; path = AppDelegate.m; sourceTree = "<group>"; };
		7EFF8B4B1E66BF8500F7217D /* Assets.xcassets */ = {isa = PBXFileReference; lastKnownFileType = folder.assetcatalog; path = Assets.xcassets; sourceTree = "<group>"; };
		7EFF8B4E1E66BF8500F7217D /* Base */ = {isa = PBXFileReference; lastKnownFileType = file.storyboard; name = Base; path = Base.lproj/LaunchScreen.storyboard; sourceTree = "<group>"; };
		7EFF8B501E66BF8500F7217D /* Info.plist */ = {isa = PBXFileReference; lastKnownFileType = text.plist.xml; path = Info.plist; sourceTree = "<group>"; };
		7EFF8B551E66BF8500F7217D /* YHMarkTests.xctest */ = {isa = PBXFileReference; explicitFileType = wrapper.cfbundle; includeInIndex = 0; path = YHMarkTests.xctest; sourceTree = BUILT_PRODUCTS_DIR; };
		7EFF8B591E66BF8500F7217D /* YHMarkTests.m */ = {isa = PBXFileReference; lastKnownFileType = sourcecode.c.objc; path = YHMarkTests.m; sourceTree = "<group>"; };
		7EFF8B5B1E66BF8500F7217D /* Info.plist */ = {isa = PBXFileReference; lastKnownFileType = text.plist.xml; path = Info.plist; sourceTree = "<group>"; };
		7EFF8B641E66C00300F7217D /* YHMainController.h */ = {isa = PBXFileReference; fileEncoding = 4; lastKnownFileType = sourcecode.c.h; path = YHMainController.h; sourceTree = "<group>"; };
		7EFF8B651E66C00300F7217D /* YHMainController.m */ = {isa = PBXFileReference; fileEncoding = 4; lastKnownFileType = sourcecode.c.objc; path = YHMainController.m; sourceTree = "<group>"; };
		7EFF8B671E66C09700F7217D /* YHOneViewController.h */ = {isa = PBXFileReference; fileEncoding = 4; lastKnownFileType = sourcecode.c.h; path = YHOneViewController.h; sourceTree = "<group>"; };
		7EFF8B681E66C09700F7217D /* YHOneViewController.m */ = {isa = PBXFileReference; fileEncoding = 4; lastKnownFileType = sourcecode.c.objc; path = YHOneViewController.m; sourceTree = "<group>"; };
		7EFF8B6A1E66C0A300F7217D /* YHTwoViewController.h */ = {isa = PBXFileReference; fileEncoding = 4; lastKnownFileType = sourcecode.c.h; path = YHTwoViewController.h; sourceTree = "<group>"; };
		7EFF8B6B1E66C0A300F7217D /* YHTwoViewController.m */ = {isa = PBXFileReference; fileEncoding = 4; lastKnownFileType = sourcecode.c.objc; path = YHTwoViewController.m; sourceTree = "<group>"; };
		7EFF8B6D1E66C26F00F7217D /* ContentCenterView.h */ = {isa = PBXFileReference; fileEncoding = 4; lastKnownFileType = sourcecode.c.h; path = ContentCenterView.h; sourceTree = "<group>"; };
		7EFF8B6E1E66C26F00F7217D /* ContentCenterView.m */ = {isa = PBXFileReference; fileEncoding = 4; lastKnownFileType = sourcecode.c.objc; path = ContentCenterView.m; sourceTree = "<group>"; };
		7EFF8B721E66CAA700F7217D /* listData.plist */ = {isa = PBXFileReference; fileEncoding = 4; lastKnownFileType = text.plist.xml; path = listData.plist; sourceTree = "<group>"; };
/* End PBXFileReference section */

/* Begin PBXFrameworksBuildPhase section */
		7EFF8B391E66BF8500F7217D /* Frameworks */ = {
			isa = PBXFrameworksBuildPhase;
			buildActionMask = 2147483647;
			files = (
			);
			runOnlyForDeploymentPostprocessing = 0;
		};
		7EFF8B521E66BF8500F7217D /* Frameworks */ = {
			isa = PBXFrameworksBuildPhase;
			buildActionMask = 2147483647;
			files = (
			);
			runOnlyForDeploymentPostprocessing = 0;
		};
/* End PBXFrameworksBuildPhase section */

/* Begin PBXGroup section */
		7EFF8B331E66BF8400F7217D = {
			isa = PBXGroup;
			children = (
				7EFF8B3E1E66BF8500F7217D /* YHMark */,
				7EFF8B581E66BF8500F7217D /* YHMarkTests */,
				7EFF8B3D1E66BF8500F7217D /* Products */,
			);
			sourceTree = "<group>";
		};
		7EFF8B3D1E66BF8500F7217D /* Products */ = {
			isa = PBXGroup;
			children = (
				7EFF8B3C1E66BF8500F7217D /* YHMark.app */,
				7EFF8B551E66BF8500F7217D /* YHMarkTests.xctest */,
			);
			name = Products;
			sourceTree = "<group>";
		};
		7EFF8B3E1E66BF8500F7217D /* YHMark */ = {
			isa = PBXGroup;
			children = (
				7EFF8B421E66BF8500F7217D /* AppDelegate.h */,
				7EFF8B431E66BF8500F7217D /* AppDelegate.m */,
				7EFF8B641E66C00300F7217D /* YHMainController.h */,
				7EFF8B651E66C00300F7217D /* YHMainController.m */,
				7EFF8B701E66C27400F7217D /* 自定义视图标签 */,
				7EFF8B711E66C5ED00F7217D /* UICollcetionView标签 */,
				7EFF8B3F1E66BF8500F7217D /* Supporting Files */,
			);
			path = YHMark;
			sourceTree = "<group>";
		};
		7EFF8B3F1E66BF8500F7217D /* Supporting Files */ = {
			isa = PBXGroup;
			children = (
				7EFF8B4B1E66BF8500F7217D /* Assets.xcassets */,
				7EFF8B4D1E66BF8500F7217D /* LaunchScreen.storyboard */,
				7EFF8B501E66BF8500F7217D /* Info.plist */,
				7EFF8B401E66BF8500F7217D /* main.m */,
			);
			name = "Supporting Files";
			sourceTree = "<group>";
		};
		7EFF8B581E66BF8500F7217D /* YHMarkTests */ = {
			isa = PBXGroup;
			children = (
				7EFF8B591E66BF8500F7217D /* YHMarkTests.m */,
				7EFF8B5B1E66BF8500F7217D /* Info.plist */,
			);
			path = YHMarkTests;
			sourceTree = "<group>";
		};
		7EFF8B701E66C27400F7217D /* 自定义视图标签 */ = {
			isa = PBXGroup;
			children = (
				7EFF8B671E66C09700F7217D /* YHOneViewController.h */,
				7EFF8B681E66C09700F7217D /* YHOneViewController.m */,
				7EFF8B6D1E66C26F00F7217D /* ContentCenterView.h */,
				7EFF8B6E1E66C26F00F7217D /* ContentCenterView.m */,
			);
			name = "自定义视图标签";
			sourceTree = "<group>";
		};
		7EFF8B711E66C5ED00F7217D /* UICollcetionView标签 */ = {
			isa = PBXGroup;
			children = (
				7EFF8B6A1E66C0A300F7217D /* YHTwoViewController.h */,
				7EFF8B6B1E66C0A300F7217D /* YHTwoViewController.m */,
				7EEEA5271E67177200CCE60F /* YHTwoViewModel.h */,
				7EEEA5281E67177200CCE60F /* YHTwoViewModel.m */,
				7EEEA52A1E67217600CCE60F /* UIColor+hexValue.h */,
				7EEEA52B1E67217600CCE60F /* UIColor+hexValue.m */,
				7EFF8B721E66CAA700F7217D /* listData.plist */,
			);
			name = "UICollcetionView标签";
			sourceTree = "<group>";
		};
/* End PBXGroup section */

/* Begin PBXNativeTarget section */
		7EFF8B3B1E66BF8500F7217D /* YHMark */ = {
			isa = PBXNativeTarget;
			buildConfigurationList = 7EFF8B5E1E66BF8500F7217D /* Build configuration list for PBXNativeTarget "YHMark" */;
			buildPhases = (
				7EFF8B381E66BF8500F7217D /* Sources */,
				7EFF8B391E66BF8500F7217D /* Frameworks */,
				7EFF8B3A1E66BF8500F7217D /* Resources */,
			);
			buildRules = (
			);
			dependencies = (
			);
			name = YHMark;
			productName = YHMark;
			productReference = 7EFF8B3C1E66BF8500F7217D /* YHMark.app */;
			productType = "com.apple.product-type.application";
		};
		7EFF8B541E66BF8500F7217D /* YHMarkTests */ = {
			isa = PBXNativeTarget;
			buildConfigurationList = 7EFF8B611E66BF8500F7217D /* Build configuration list for PBXNativeTarget "YHMarkTests" */;
			buildPhases = (
				7EFF8B511E66BF8500F7217D /* Sources */,
				7EFF8B521E66BF8500F7217D /* Frameworks */,
				7EFF8B531E66BF8500F7217D /* Resources */,
			);
			buildRules = (
			);
			dependencies = (
				7EFF8B571E66BF8500F7217D /* PBXTargetDependency */,
			);
			name = YHMarkTests;
			productName = YHMarkTests;
			productReference = 7EFF8B551E66BF8500F7217D /* YHMarkTests.xctest */;
			productType = "com.apple.product-type.bundle.unit-test";
		};
/* End PBXNativeTarget section */

/* Begin PBXProject section */
		7EFF8B341E66BF8400F7217D /* Project object */ = {
			isa = PBXProject;
			attributes = {
				LastUpgradeCheck = 0820;
				ORGANIZATIONNAME = junde;
				TargetAttributes = {
					7EFF8B3B1E66BF8500F7217D = {
						CreatedOnToolsVersion = 8.2.1;
						ProvisioningStyle = Automatic;
					};
					7EFF8B541E66BF8500F7217D = {
						CreatedOnToolsVersion = 8.2.1;
						ProvisioningStyle = Automatic;
						TestTargetID = 7EFF8B3B1E66BF8500F7217D;
					};
				};
			};
			buildConfigurationList = 7EFF8B371E66BF8400F7217D /* Build configuration list for PBXProject "YHMark" */;
			compatibilityVersion = "Xcode 3.2";
			developmentRegion = English;
			hasScannedForEncodings = 0;
			knownRegions = (
				en,
				Base,
			);
			mainGroup = 7EFF8B331E66BF8400F7217D;
			productRefGroup = 7EFF8B3D1E66BF8500F7217D /* Products */;
			projectDirPath = "";
			projectRoot = "";
			targets = (
				7EFF8B3B1E66BF8500F7217D /* YHMark */,
				7EFF8B541E66BF8500F7217D /* YHMarkTests */,
			);
		};
/* End PBXProject section */

/* Begin PBXResourcesBuildPhase section */
		7EFF8B3A1E66BF8500F7217D /* Resources */ = {
			isa = PBXResourcesBuildPhase;
			buildActionMask = 2147483647;
			files = (
				7EFF8B731E66CAA700F7217D /* listData.plist in Resources */,
				7EFF8B4F1E66BF8500F7217D /* LaunchScreen.storyboard in Resources */,
				7EFF8B4C1E66BF8500F7217D /* Assets.xcassets in Resources */,
			);
			runOnlyForDeploymentPostprocessing = 0;
		};
		7EFF8B531E66BF8500F7217D /* Resources */ = {
			isa = PBXResourcesBuildPhase;
			buildActionMask = 2147483647;
			files = (
			);
			runOnlyForDeploymentPostprocessing = 0;
		};
/* End PBXResourcesBuildPhase section */

/* Begin PBXSourcesBuildPhase section */
		7EFF8B381E66BF8500F7217D /* Sources */ = {
			isa = PBXSourcesBuildPhase;
			buildActionMask = 2147483647;
			files = (
				7EEEA5291E67177200CCE60F /* YHTwoViewModel.m in Sources */,
				7EFF8B441E66BF8500F7217D /* AppDelegate.m in Sources */,
				7EFF8B411E66BF8500F7217D /* main.m in Sources */,
				7EFF8B6C1E66C0A300F7217D /* YHTwoViewController.m in Sources */,
				7EFF8B6F1E66C26F00F7217D /* ContentCenterView.m in Sources */,
				7EFF8B691E66C09700F7217D /* YHOneViewController.m in Sources */,
				7EFF8B661E66C00300F7217D /* YHMainController.m in Sources */,
				7EEEA52C1E67217600CCE60F /* UIColor+hexValue.m in Sources */,
			);
			runOnlyForDeploymentPostprocessing = 0;
		};
		7EFF8B511E66BF8500F7217D /* Sources */ = {
			isa = PBXSourcesBuildPhase;
			buildActionMask = 2147483647;
			files = (
				7EFF8B5A1E66BF8500F7217D /* YHMarkTests.m in Sources */,
			);
			runOnlyForDeploymentPostprocessing = 0;
		};
/* End PBXSourcesBuildPhase section */

/* Begin PBXTargetDependency section */
		7EFF8B571E66BF8500F7217D /* PBXTargetDependency */ = {
			isa = PBXTargetDependency;
			target = 7EFF8B3B1E66BF8500F7217D /* YHMark */;
			targetProxy = 7EFF8B561E66BF8500F7217D /* PBXContainerItemProxy */;
		};
/* End PBXTargetDependency section */

/* Begin PBXVariantGroup section */
		7EFF8B4D1E66BF8500F7217D /* LaunchScreen.storyboard */ = {
			isa = PBXVariantGroup;
			children = (
				7EFF8B4E1E66BF8500F7217D /* Base */,
			);
			name = LaunchScreen.storyboard;
			sourceTree = "<group>";
		};
/* End PBXVariantGroup section */

/* Begin XCBuildConfiguration section */
		7EFF8B5C1E66BF8500F7217D /* Debug */ = {
			isa = XCBuildConfiguration;
			buildSettings = {
				ALWAYS_SEARCH_USER_PATHS = NO;
				CLANG_ANALYZER_NONNULL = YES;
				CLANG_CXX_LANGUAGE_STANDARD = "gnu++0x";
				CLANG_CXX_LIBRARY = "libc++";
				CLANG_ENABLE_MODULES = YES;
				CLANG_ENABLE_OBJC_ARC = YES;
				CLANG_WARN_BOOL_CONVERSION = YES;
				CLANG_WARN_CONSTANT_CONVERSION = YES;
				CLANG_WARN_DIRECT_OBJC_ISA_USAGE = YES_ERROR;
				CLANG_WARN_DOCUMENTATION_COMMENTS = YES;
				CLANG_WARN_EMPTY_BODY = YES;
				CLANG_WARN_ENUM_CONVERSION = YES;
				CLANG_WARN_INFINITE_RECURSION = YES;
				CLANG_WARN_INT_CONVERSION = YES;
				CLANG_WARN_OBJC_ROOT_CLASS = YES_ERROR;
				CLANG_WARN_SUSPICIOUS_MOVE = YES;
				CLANG_WARN_UNREACHABLE_CODE = YES;
				CLANG_WARN__DUPLICATE_METHOD_MATCH = YES;
				"CODE_SIGN_IDENTITY[sdk=iphoneos*]" = "iPhone Developer";
				COPY_PHASE_STRIP = NO;
				DEBUG_INFORMATION_FORMAT = dwarf;
				ENABLE_STRICT_OBJC_MSGSEND = YES;
				ENABLE_TESTABILITY = YES;
				GCC_C_LANGUAGE_STANDARD = gnu99;
				GCC_DYNAMIC_NO_PIC = NO;
				GCC_NO_COMMON_BLOCKS = YES;
				GCC_OPTIMIZATION_LEVEL = 0;
				GCC_PREPROCESSOR_DEFINITIONS = (
					"DEBUG=1",
					"$(inherited)",
				);
				GCC_WARN_64_TO_32_BIT_CONVERSION = YES;
				GCC_WARN_ABOUT_RETURN_TYPE = YES_ERROR;
				GCC_WARN_UNDECLARED_SELECTOR = YES;
				GCC_WARN_UNINITIALIZED_AUTOS = YES_AGGRESSIVE;
				GCC_WARN_UNUSED_FUNCTION = YES;
				GCC_WARN_UNUSED_VARIABLE = YES;
				IPHONEOS_DEPLOYMENT_TARGET = 10.2;
				MTL_ENABLE_DEBUG_INFO = YES;
				ONLY_ACTIVE_ARCH = YES;
				SDKROOT = iphoneos;
			};
			name = Debug;
		};
		7EFF8B5D1E66BF8500F7217D /* Release */ = {
			isa = XCBuildConfiguration;
			buildSettings = {
				ALWAYS_SEARCH_USER_PATHS = NO;
				CLANG_ANALYZER_NONNULL = YES;
				CLANG_CXX_LANGUAGE_STANDARD = "gnu++0x";
				CLANG_CXX_LIBRARY = "libc++";
				CLANG_ENABLE_MODULES = YES;
				CLANG_ENABLE_OBJC_ARC = YES;
				CLANG_WARN_BOOL_CONVERSION = YES;
				CLANG_WARN_CONSTANT_CONVERSION = YES;
				CLANG_WARN_DIRECT_OBJC_ISA_USAGE = YES_ERROR;
				CLANG_WARN_DOCUMENTATION_COMMENTS = YES;
				CLANG_WARN_EMPTY_BODY = YES;
				CLANG_WARN_ENUM_CONVERSION = YES;
				CLANG_WARN_INFINITE_RECURSION = YES;
				CLANG_WARN_INT_CONVERSION = YES;
				CLANG_WARN_OBJC_ROOT_CLASS = YES_ERROR;
				CLANG_WARN_SUSPICIOUS_MOVE = YES;
				CLANG_WARN_UNREACHABLE_CODE = YES;
				CLANG_WARN__DUPLICATE_METHOD_MATCH = YES;
				"CODE_SIGN_IDENTITY[sdk=iphoneos*]" = "iPhone Developer";
				COPY_PHASE_STRIP = NO;
				DEBUG_INFORMATION_FORMAT = "dwarf-with-dsym";
				ENABLE_NS_ASSERTIONS = NO;
				ENABLE_STRICT_OBJC_MSGSEND = YES;
				GCC_C_LANGUAGE_STANDARD = gnu99;
				GCC_NO_COMMON_BLOCKS = YES;
				GCC_WARN_64_TO_32_BIT_CONVERSION = YES;
				GCC_WARN_ABOUT_RETURN_TYPE = YES_ERROR;
				GCC_WARN_UNDECLARED_SELECTOR = YES;
				GCC_WARN_UNINITIALIZED_AUTOS = YES_AGGRESSIVE;
				GCC_WARN_UNUSED_FUNCTION = YES;
				GCC_WARN_UNUSED_VARIABLE = YES;
				IPHONEOS_DEPLOYMENT_TARGET = 10.2;
				MTL_ENABLE_DEBUG_INFO = NO;
				SDKROOT = iphoneos;
				VALIDATE_PRODUCT = YES;
			};
			name = Release;
		};
		7EFF8B5F1E66BF8500F7217D /* Debug */ = {
			isa = XCBuildConfiguration;
			buildSettings = {
				ASSETCATALOG_COMPILER_APPICON_NAME = AppIcon;
				INFOPLIST_FILE = YHMark/Info.plist;
				LD_RUNPATH_SEARCH_PATHS = "$(inherited) @executable_path/Frameworks";
				PRODUCT_BUNDLE_IDENTIFIER = cn.junde.YHMark;
				PRODUCT_NAME = "$(TARGET_NAME)";
			};
			name = Debug;
		};
		7EFF8B601E66BF8500F7217D /* Release */ = {
			isa = XCBuildConfiguration;
			buildSettings = {
				ASSETCATALOG_COMPILER_APPICON_NAME = AppIcon;
				INFOPLIST_FILE = YHMark/Info.plist;
				LD_RUNPATH_SEARCH_PATHS = "$(inherited) @executable_path/Frameworks";
				PRODUCT_BUNDLE_IDENTIFIER = cn.junde.YHMark;
				PRODUCT_NAME = "$(TARGET_NAME)";
			};
			name = Release;
		};
		7EFF8B621E66BF8500F7217D /* Debug */ = {
			isa = XCBuildConfiguration;
			buildSettings = {
				BUNDLE_LOADER = "$(TEST_HOST)";
				INFOPLIST_FILE = YHMarkTests/Info.plist;
				LD_RUNPATH_SEARCH_PATHS = "$(inherited) @executable_path/Frameworks @loader_path/Frameworks";
				PRODUCT_BUNDLE_IDENTIFIER = cn.junde.YHMarkTests;
				PRODUCT_NAME = "$(TARGET_NAME)";
				TEST_HOST = "$(BUILT_PRODUCTS_DIR)/YHMark.app/YHMark";
			};
			name = Debug;
		};
		7EFF8B631E66BF8500F7217D /* Release */ = {
			isa = XCBuildConfiguration;
			buildSettings = {
				BUNDLE_LOADER = "$(TEST_HOST)";
				INFOPLIST_FILE = YHMarkTests/Info.plist;
				LD_RUNPATH_SEARCH_PATHS = "$(inherited) @executable_path/Frameworks @loader_path/Frameworks";
				PRODUCT_BUNDLE_IDENTIFIER = cn.junde.YHMarkTests;
				PRODUCT_NAME = "$(TARGET_NAME)";
				TEST_HOST = "$(BUILT_PRODUCTS_DIR)/YHMark.app/YHMark";
			};
			name = Release;
		};
/* End XCBuildConfiguration section */

/* Begin XCConfigurationList section */
		7EFF8B371E66BF8400F7217D /* Build configuration list for PBXProject "YHMark" */ = {
			isa = XCConfigurationList;
			buildConfigurations = (
				7EFF8B5C1E66BF8500F7217D /* Debug */,
				7EFF8B5D1E66BF8500F7217D /* Release */,
			);
			defaultConfigurationIsVisible = 0;
			defaultConfigurationName = Release;
		};
		7EFF8B5E1E66BF8500F7217D /* Build configuration list for PBXNativeTarget "YHMark" */ = {
			isa = XCConfigurationList;
			buildConfigurations = (
				7EFF8B5F1E66BF8500F7217D /* Debug */,
				7EFF8B601E66BF8500F7217D /* Release */,
			);
			defaultConfigurationIsVisible = 0;
			defaultConfigurationName = Release;
		};
		7EFF8B611E66BF8500F7217D /* Build configuration list for PBXNativeTarget "YHMarkTests" */ = {
			isa = XCConfigurationList;
			buildConfigurations = (
				7EFF8B621E66BF8500F7217D /* Debug */,
				7EFF8B631E66BF8500F7217D /* Release */,
			);
			defaultConfigurationIsVisible = 0;
			defaultConfigurationName = Release;
		};
/* End XCConfigurationList section */
	};
	rootObject = 7EFF8B341E66BF8400F7217D /* Project object */;
}
